
Microsoft Visual Studio Solution File, Format Version 12.00
# Visual Studio Version 16
VisualStudioVersion = 25.0.1705.4
MinimumVisualStudioVersion = 10.0.40219.1
Project("{FAE04EC0-301F-11D3-BF4B-00C04F79EFBC}") = "DentalSV", "DentalSV\DentalSV.csproj", "{5151833C-39A8-483C-B40C-938E936013E2}"
EndProject
Global
	GlobalSection(SolutionConfigurationPlatforms) = preSolution
		Debug|Any CPU = Debug|Any CPU
		Release|Any CPU = Release|Any CPU
		Debug|iPhoneSimulator = Debug|iPhoneSimulator
		Release|iPhone = Release|iPhone
		Release|iPhoneSimulator = Release|iPhoneSimulator
		Debug|iPhone = Debug|iPhone
	EndGlobalSection
	GlobalSection(ProjectConfigurationPlatforms) = postSolution
		{5151833C-39A8-483C-B40C-938E936013E2}.Debug|Any CPU.ActiveCfg = Debug|Any CPU
		{5151833C-39A8-483C-B40C-938E936013E2}.Debug|Any CPU.Build.0 = Debug|Any CPU
		{5151833C-39A8-483C-B40C-938E936013E2}.Release|Any CPU.ActiveCfg = Release|Any CPU
		{5151833C-39A8-483C-B40C-938E936013E2}.Release|Any CPU.Build.0 = Release|Any CPU
		{5151833C-39A8-483C-B40C-938E936013E2}.Debug|iPhoneSimulator.ActiveCfg = Debug|Any CPU
		{5151833C-39A8-483C-B40C-938E936013E2}.Debug|iPhoneSimulator.Build.0 = Debug|Any CPU
		{5151833C-39A8-483C-B40C-938E936013E2}.Release|iPhone.ActiveCfg = Release|Any CPU
		{5151833C-39A8-483C-B40C-938E936013E2}.Release|iPhone.Build.0 = Release|Any CPU
		{5151833C-39A8-483C-B40C-938E936013E2}.Release|iPhoneSimulator.ActiveCfg = Release|Any CPU
		{5151833C-39A8-483C-B40C-938E936013E2}.Release|iPhoneSimulator.Build.0 = Release|Any CPU
		{5151833C-39A8-483C-B40C-938E936013E2}.Debug|iPhone.ActiveCfg = Debug|Any CPU
		{5151833C-39A8-483C-B40C-938E936013E2}.Debug|iPhone.Build.0 = Debug|Any CPU
	EndGlobalSection
	GlobalSection(SolutionProperties) = preSolution
		HideSolutionNode = FALSE
	EndGlobalSection
	GlobalSection(ExtensibilityGlobals) = postSolution
		SolutionGuid = {07C574F6-F7F6-4BB6-BC41-50C9E48AC1BD}
	EndGlobalSection
EndGlobal
